
Microsoft Visual Studio Solution File, Format Version 12.00
# Visual Studio Version 17
VisualStudioVersion = 17.7.34031.279
MinimumVisualStudioVersion = 10.0.40219.1
Project("{FAE04EC0-301F-11D3-BF4B-00C04F79EFBC}") = "ConsoleApp_AlanHesaplama", "ConsoleApp_AlanHesaplama\ConsoleApp_AlanHesaplama.csproj", "{BE659890-C3CA-46B4-A8CF-DF705B0D92BB}"
EndProject
Global
	GlobalSection(SolutionConfigurationPlatforms) = preSolution
		Debug|Any CPU = Debug|Any CPU
		Release|Any CPU = Release|Any CPU
	EndGlobalSection
	GlobalSection(ProjectConfigurationPlatforms) = postSolution
		{BE659890-C3CA-46B4-A8CF-DF705B0D92BB}.Debug|Any CPU.ActiveCfg = Debug|Any CPU
		{BE659890-C3CA-46B4-A8CF-DF705B0D92BB}.Debug|Any CPU.Build.0 = Debug|Any CPU
		{BE659890-C3CA-46B4-A8CF-DF705B0D92BB}.Release|Any CPU.ActiveCfg = Release|Any CPU
		{BE659890-C3CA-46B4-A8CF-DF705B0D92BB}.Release|Any CPU.Build.0 = Release|Any CPU
	EndGlobalSection
	GlobalSection(SolutionProperties) = preSolution
		HideSolutionNode = FALSE
	EndGlobalSection
	GlobalSection(ExtensibilityGlobals) = postSolution
		SolutionGuid = {65727729-5795-48FA-A520-1D5248E0DFE1}
	EndGlobalSection
EndGlobal
